
Microsoft Visual Studio Solution File, Format Version 12.00
# Visual Studio Version 17
VisualStudioVersion = 17.9.34616.47
MinimumVisualStudioVersion = 10.0.40219.1
Project("{FAE04EC0-301F-11D3-BF4B-00C04F79EFBC}") = "locavoiture", "locavoiture.csproj", "{278BC850-00AD-46C8-864C-B63ABD73BCC9}"
EndProject
Global
	GlobalSection(SolutionConfigurationPlatforms) = preSolution
		Debug|Any CPU = Debug|Any CPU
		Release|Any CPU = Release|Any CPU
	EndGlobalSection
	GlobalSection(ProjectConfigurationPlatforms) = postSolution
		{278BC850-00AD-46C8-864C-B63ABD73BCC9}.Debug|Any CPU.ActiveCfg = Debug|Any CPU
		{278BC850-00AD-46C8-864C-B63ABD73BCC9}.Debug|Any CPU.Build.0 = Debug|Any CPU
		{278BC850-00AD-46C8-864C-B63ABD73BCC9}.Release|Any CPU.ActiveCfg = Release|Any CPU
		{278BC850-00AD-46C8-864C-B63ABD73BCC9}.Release|Any CPU.Build.0 = Release|Any CPU
	EndGlobalSection
	GlobalSection(SolutionProperties) = preSolution
		HideSolutionNode = FALSE
	EndGlobalSection
	GlobalSection(ExtensibilityGlobals) = postSolution
		SolutionGuid = {7957443E-B849-4531-9F7D-8A546A3FD16C}
	EndGlobalSection
EndGlobal
